
Microsoft Visual Studio Solution File, Format Version 12.00
# Visual Studio 2012
Project("{FAE04EC0-301F-11D3-BF4B-00C04F79EFBC}") = "MyRouter", "MyRouter\MyRouter.csproj", "{99B3942F-6B71-4806-9BA1-8100FDCEA57A}"
EndProject
Global
	GlobalSection(SolutionConfigurationPlatforms) = preSolution
		Debug|Any CPU = Debug|Any CPU
		Release|Any CPU = Release|Any CPU
	EndGlobalSection
	GlobalSection(ProjectConfigurationPlatforms) = postSolution
		{99B3942F-6B71-4806-9BA1-8100FDCEA57A}.Debug|Any CPU.ActiveCfg = Debug|Any CPU
		{99B3942F-6B71-4806-9BA1-8100FDCEA57A}.Debug|Any CPU.Build.0 = Debug|Any CPU
		{99B3942F-6B71-4806-9BA1-8100FDCEA57A}.Release|Any CPU.ActiveCfg = Release|Any CPU
		{99B3942F-6B71-4806-9BA1-8100FDCEA57A}.Release|Any CPU.Build.0 = Release|Any CPU
	EndGlobalSection
	GlobalSection(SolutionProperties) = preSolution
		HideSolutionNode = FALSE
	EndGlobalSection
EndGlobal
